
Microsoft Visual Studio Solution File, Format Version 12.00
# Visual Studio Version 17
VisualStudioVersion = 17.4.33403.182
MinimumVisualStudioVersion = 10.0.40219.1
Project("{FAE04EC0-301F-11D3-BF4B-00C04F79EFBC}") = "ejemplo1", "ejemplo1\ejemplo1.csproj", "{65E16833-7B81-409C-B082-EB0E6795125A}"
EndProject
Project("{FAE04EC0-301F-11D3-BF4B-00C04F79EFBC}") = "ejemplo2", "ejemplo2\ejemplo2.csproj", "{61084C92-BE0D-46C8-8500-930FD23AA631}"
EndProject
Project("{FAE04EC0-301F-11D3-BF4B-00C04F79EFBC}") = "ejemplo3", "ejemplo3\ejemplo3.csproj", "{798D3CA7-A77B-423E-9CFF-8DA5D00699C2}"
EndProject
Project("{FAE04EC0-301F-11D3-BF4B-00C04F79EFBC}") = "ejemplo4", "ejemplo4\ejemplo4.csproj", "{29E8F118-6902-45A7-B648-13A2E0FD1D6E}"
EndProject
Global
	GlobalSection(SolutionConfigurationPlatforms) = preSolution
		Debug|Any CPU = Debug|Any CPU
		Release|Any CPU = Release|Any CPU
	EndGlobalSection
	GlobalSection(ProjectConfigurationPlatforms) = postSolution
		{65E16833-7B81-409C-B082-EB0E6795125A}.Debug|Any CPU.ActiveCfg = Debug|Any CPU
		{65E16833-7B81-409C-B082-EB0E6795125A}.Debug|Any CPU.Build.0 = Debug|Any CPU
		{65E16833-7B81-409C-B082-EB0E6795125A}.Release|Any CPU.ActiveCfg = Release|Any CPU
		{65E16833-7B81-409C-B082-EB0E6795125A}.Release|Any CPU.Build.0 = Release|Any CPU
		{61084C92-BE0D-46C8-8500-930FD23AA631}.Debug|Any CPU.ActiveCfg = Debug|Any CPU
		{61084C92-BE0D-46C8-8500-930FD23AA631}.Debug|Any CPU.Build.0 = Debug|Any CPU
		{61084C92-BE0D-46C8-8500-930FD23AA631}.Release|Any CPU.ActiveCfg = Release|Any CPU
		{61084C92-BE0D-46C8-8500-930FD23AA631}.Release|Any CPU.Build.0 = Release|Any CPU
		{798D3CA7-A77B-423E-9CFF-8DA5D00699C2}.Debug|Any CPU.ActiveCfg = Debug|Any CPU
		{798D3CA7-A77B-423E-9CFF-8DA5D00699C2}.Debug|Any CPU.Build.0 = Debug|Any CPU
		{798D3CA7-A77B-423E-9CFF-8DA5D00699C2}.Release|Any CPU.ActiveCfg = Release|Any CPU
		{798D3CA7-A77B-423E-9CFF-8DA5D00699C2}.Release|Any CPU.Build.0 = Release|Any CPU
		{29E8F118-6902-45A7-B648-13A2E0FD1D6E}.Debug|Any CPU.ActiveCfg = Debug|Any CPU
		{29E8F118-6902-45A7-B648-13A2E0FD1D6E}.Debug|Any CPU.Build.0 = Debug|Any CPU
		{29E8F118-6902-45A7-B648-13A2E0FD1D6E}.Release|Any CPU.ActiveCfg = Release|Any CPU
		{29E8F118-6902-45A7-B648-13A2E0FD1D6E}.Release|Any CPU.Build.0 = Release|Any CPU
	EndGlobalSection
	GlobalSection(SolutionProperties) = preSolution
		HideSolutionNode = FALSE
	EndGlobalSection
	GlobalSection(ExtensibilityGlobals) = postSolution
		SolutionGuid = {B05B9D4C-B241-498D-B4B9-EBD5B707127E}
	EndGlobalSection
EndGlobal
